
Microsoft Visual Studio Solution File, Format Version 12.00
# Visual Studio Version 17
VisualStudioVersion = 17.5.33424.131
MinimumVisualStudioVersion = 10.0.40219.1
Project("{9A19103F-16F7-4668-BE54-9A1E7A4F7556}") = "Lab1", "Lab1\Lab1.csproj", "{95BA5EC8-4C18-4A20-A2B4-2F4B81C69290}"
EndProject
Project("{2150E333-8FDC-42A3-9474-1A3956D46DE8}") = "Lab2", "Lab2", "{AD12E1B9-303B-4755-ABDC-65FCC6E622E6}"
EndProject
Project("{9A19103F-16F7-4668-BE54-9A1E7A4F7556}") = "Exercise2", "Lab2\Exercise2\Exercise2.csproj", "{363632E5-CB61-4EE2-A178-9BC129EFBF20}"
EndProject
Project("{9A19103F-16F7-4668-BE54-9A1E7A4F7556}") = "Exercise1", "Lab2\Exercise1\Exercise1.csproj", "{6FD76BFE-C517-4FD3-9369-EBBDB3C03D1C}"
EndProject
Project("{9A19103F-16F7-4668-BE54-9A1E7A4F7556}") = "Exercise3", "Lab2\Exercise3\Exercise3.csproj", "{DC643555-07B7-4661-BA93-2A47D7295B8C}"
EndProject
Project("{9A19103F-16F7-4668-BE54-9A1E7A4F7556}") = "Exercise4", "Lab2\Exercise4\Exercise4.csproj", "{11E657AB-E038-4A54-9C87-0C9450F8642D}"
EndProject
Project("{2150E333-8FDC-42A3-9474-1A3956D46DE8}") = "Tema1", "Tema1", "{6C4BE159-D1D7-49D0-8956-6D1E18ABCA6C}"
EndProject
Project("{2150E333-8FDC-42A3-9474-1A3956D46DE8}") = "Lab1", "Lab1", "{42E3836C-4321-47FC-B7CA-C290CCBBC249}"
EndProject
Project("{9A19103F-16F7-4668-BE54-9A1E7A4F7556}") = "Tema1", "Tema1\Tema1.csproj", "{BE40D6F5-3589-45F8-9398-2F03F631B15A}"
EndProject
Project("{2150E333-8FDC-42A3-9474-1A3956D46DE8}") = "Lab3", "Lab3", "{5DC2E4A8-DE52-46D2-9004-4C1670534500}"
EndProject
Project("{9A19103F-16F7-4668-BE54-9A1E7A4F7556}") = "Lab3", "Lab3\Lab3\Lab3.csproj", "{A4926868-F516-4F9C-8BE2-AB30A9CEA8A2}"
EndProject
Project("{9A19103F-16F7-4668-BE54-9A1E7A4F7556}") = "DataAccess", "Lab3\DataAccess\DataAccess.csproj", "{69C597E8-A840-4894-9007-46EB63BEEE6D}"
EndProject
Project("{2150E333-8FDC-42A3-9474-1A3956D46DE8}") = "Lab4", "Lab4", "{6F085E34-CD40-4317-A248-FDB7D624C914}"
EndProject
Project("{FAE04EC0-301F-11D3-BF4B-00C04F79EFBC}") = "WebServices", "Lab4\Lab4Services\WebServices.csproj", "{766382E3-DEBF-4583-9302-9D581E0670E1}"
EndProject
Project("{FAE04EC0-301F-11D3-BF4B-00C04F79EFBC}") = "ConsoleAppClient", "Lab4\ConsoleAppClient\ConsoleAppClient.csproj", "{031404A7-FB7F-4378-98AC-EAC51F069E68}"
	ProjectSection(ProjectDependencies) = postProject
		{766382E3-DEBF-4583-9302-9D581E0670E1} = {766382E3-DEBF-4583-9302-9D581E0670E1}
	EndProjectSection
EndProject
Project("{FAE04EC0-301F-11D3-BF4B-00C04F79EFBC}") = "WindowsFormsAppClient", "Lab4\WindowsFormsAppClient\WindowsFormsAppClient.csproj", "{613F74B7-96FD-4D46-9899-682E7E56BE54}"
	ProjectSection(ProjectDependencies) = postProject
		{766382E3-DEBF-4583-9302-9D581E0670E1} = {766382E3-DEBF-4583-9302-9D581E0670E1}
	EndProjectSection
EndProject
Project("{2150E333-8FDC-42A3-9474-1A3956D46DE8}") = "Tema2", "Tema2", "{AB76F55C-6CEA-49EA-A17E-7E63044A6848}"
EndProject
Project("{FAE04EC0-301F-11D3-BF4B-00C04F79EFBC}") = "Tema2WindowsFormsAppClient", "Tema2\Tema2WindowsFormsAppClient\Tema2WindowsFormsAppClient.csproj", "{64AE21F9-3347-47B4-B3B0-66270DFB72A7}"
	ProjectSection(ProjectDependencies) = postProject
		{DCF16FCF-0646-4AF8-9A76-1D2157E03ED5} = {DCF16FCF-0646-4AF8-9A76-1D2157E03ED5}
	EndProjectSection
EndProject
Project("{FAE04EC0-301F-11D3-BF4B-00C04F79EFBC}") = "Tema2WebServices", "Tema2\Tema2WebServices\Tema2WebServices.csproj", "{DCF16FCF-0646-4AF8-9A76-1D2157E03ED5}"
EndProject
Project("{FAE04EC0-301F-11D3-BF4B-00C04F79EFBC}") = "Exam", "Exam\Exam.csproj", "{C8CF0320-0DE1-4E93-B77E-E6735396EFF2}"
EndProject
Global
	GlobalSection(SolutionConfigurationPlatforms) = preSolution
		Debug|Any CPU = Debug|Any CPU
		Release|Any CPU = Release|Any CPU
	EndGlobalSection
	GlobalSection(ProjectConfigurationPlatforms) = postSolution
		{95BA5EC8-4C18-4A20-A2B4-2F4B81C69290}.Debug|Any CPU.ActiveCfg = Debug|Any CPU
		{95BA5EC8-4C18-4A20-A2B4-2F4B81C69290}.Debug|Any CPU.Build.0 = Debug|Any CPU
		{95BA5EC8-4C18-4A20-A2B4-2F4B81C69290}.Release|Any CPU.ActiveCfg = Release|Any CPU
		{95BA5EC8-4C18-4A20-A2B4-2F4B81C69290}.Release|Any CPU.Build.0 = Release|Any CPU
		{363632E5-CB61-4EE2-A178-9BC129EFBF20}.Debug|Any CPU.ActiveCfg = Debug|Any CPU
		{363632E5-CB61-4EE2-A178-9BC129EFBF20}.Debug|Any CPU.Build.0 = Debug|Any CPU
		{363632E5-CB61-4EE2-A178-9BC129EFBF20}.Release|Any CPU.ActiveCfg = Release|Any CPU
		{363632E5-CB61-4EE2-A178-9BC129EFBF20}.Release|Any CPU.Build.0 = Release|Any CPU
		{6FD76BFE-C517-4FD3-9369-EBBDB3C03D1C}.Debug|Any CPU.ActiveCfg = Debug|Any CPU
		{6FD76BFE-C517-4FD3-9369-EBBDB3C03D1C}.Debug|Any CPU.Build.0 = Debug|Any CPU
		{6FD76BFE-C517-4FD3-9369-EBBDB3C03D1C}.Release|Any CPU.ActiveCfg = Release|Any CPU
		{6FD76BFE-C517-4FD3-9369-EBBDB3C03D1C}.Release|Any CPU.Build.0 = Release|Any CPU
		{DC643555-07B7-4661-BA93-2A47D7295B8C}.Debug|Any CPU.ActiveCfg = Debug|Any CPU
		{DC643555-07B7-4661-BA93-2A47D7295B8C}.Debug|Any CPU.Build.0 = Debug|Any CPU
		{DC643555-07B7-4661-BA93-2A47D7295B8C}.Release|Any CPU.ActiveCfg = Release|Any CPU
		{DC643555-07B7-4661-BA93-2A47D7295B8C}.Release|Any CPU.Build.0 = Release|Any CPU
		{11E657AB-E038-4A54-9C87-0C9450F8642D}.Debug|Any CPU.ActiveCfg = Debug|Any CPU
		{11E657AB-E038-4A54-9C87-0C9450F8642D}.Debug|Any CPU.Build.0 = Debug|Any CPU
		{11E657AB-E038-4A54-9C87-0C9450F8642D}.Release|Any CPU.ActiveCfg = Release|Any CPU
		{11E657AB-E038-4A54-9C87-0C9450F8642D}.Release|Any CPU.Build.0 = Release|Any CPU
		{BE40D6F5-3589-45F8-9398-2F03F631B15A}.Debug|Any CPU.ActiveCfg = Debug|Any CPU
		{BE40D6F5-3589-45F8-9398-2F03F631B15A}.Debug|Any CPU.Build.0 = Debug|Any CPU
		{BE40D6F5-3589-45F8-9398-2F03F631B15A}.Release|Any CPU.ActiveCfg = Release|Any CPU
		{BE40D6F5-3589-45F8-9398-2F03F631B15A}.Release|Any CPU.Build.0 = Release|Any CPU
		{A4926868-F516-4F9C-8BE2-AB30A9CEA8A2}.Debug|Any CPU.ActiveCfg = Debug|Any CPU
		{A4926868-F516-4F9C-8BE2-AB30A9CEA8A2}.Debug|Any CPU.Build.0 = Debug|Any CPU
		{A4926868-F516-4F9C-8BE2-AB30A9CEA8A2}.Release|Any CPU.ActiveCfg = Release|Any CPU
		{A4926868-F516-4F9C-8BE2-AB30A9CEA8A2}.Release|Any CPU.Build.0 = Release|Any CPU
		{69C597E8-A840-4894-9007-46EB63BEEE6D}.Debug|Any CPU.ActiveCfg = Debug|Any CPU
		{69C597E8-A840-4894-9007-46EB63BEEE6D}.Debug|Any CPU.Build.0 = Debug|Any CPU
		{69C597E8-A840-4894-9007-46EB63BEEE6D}.Release|Any CPU.ActiveCfg = Release|Any CPU
		{69C597E8-A840-4894-9007-46EB63BEEE6D}.Release|Any CPU.Build.0 = Release|Any CPU
		{766382E3-DEBF-4583-9302-9D581E0670E1}.Debug|Any CPU.ActiveCfg = Debug|Any CPU
		{766382E3-DEBF-4583-9302-9D581E0670E1}.Debug|Any CPU.Build.0 = Debug|Any CPU
		{766382E3-DEBF-4583-9302-9D581E0670E1}.Release|Any CPU.ActiveCfg = Release|Any CPU
		{766382E3-DEBF-4583-9302-9D581E0670E1}.Release|Any CPU.Build.0 = Release|Any CPU
		{031404A7-FB7F-4378-98AC-EAC51F069E68}.Debug|Any CPU.ActiveCfg = Debug|Any CPU
		{031404A7-FB7F-4378-98AC-EAC51F069E68}.Debug|Any CPU.Build.0 = Debug|Any CPU
		{031404A7-FB7F-4378-98AC-EAC51F069E68}.Release|Any CPU.ActiveCfg = Release|Any CPU
		{031404A7-FB7F-4378-98AC-EAC51F069E68}.Release|Any CPU.Build.0 = Release|Any CPU
		{613F74B7-96FD-4D46-9899-682E7E56BE54}.Debug|Any CPU.ActiveCfg = Debug|Any CPU
		{613F74B7-96FD-4D46-9899-682E7E56BE54}.Debug|Any CPU.Build.0 = Debug|Any CPU
		{613F74B7-96FD-4D46-9899-682E7E56BE54}.Release|Any CPU.ActiveCfg = Release|Any CPU
		{613F74B7-96FD-4D46-9899-682E7E56BE54}.Release|Any CPU.Build.0 = Release|Any CPU
		{64AE21F9-3347-47B4-B3B0-66270DFB72A7}.Debug|Any CPU.ActiveCfg = Debug|Any CPU
		{64AE21F9-3347-47B4-B3B0-66270DFB72A7}.Debug|Any CPU.Build.0 = Debug|Any CPU
		{64AE21F9-3347-47B4-B3B0-66270DFB72A7}.Release|Any CPU.ActiveCfg = Release|Any CPU
		{64AE21F9-3347-47B4-B3B0-66270DFB72A7}.Release|Any CPU.Build.0 = Release|Any CPU
		{DCF16FCF-0646-4AF8-9A76-1D2157E03ED5}.Debug|Any CPU.ActiveCfg = Debug|Any CPU
		{DCF16FCF-0646-4AF8-9A76-1D2157E03ED5}.Debug|Any CPU.Build.0 = Debug|Any CPU
		{DCF16FCF-0646-4AF8-9A76-1D2157E03ED5}.Release|Any CPU.ActiveCfg = Release|Any CPU
		{DCF16FCF-0646-4AF8-9A76-1D2157E03ED5}.Release|Any CPU.Build.0 = Release|Any CPU
		{C8CF0320-0DE1-4E93-B77E-E6735396EFF2}.Debug|Any CPU.ActiveCfg = Debug|Any CPU
		{C8CF0320-0DE1-4E93-B77E-E6735396EFF2}.Debug|Any CPU.Build.0 = Debug|Any CPU
		{C8CF0320-0DE1-4E93-B77E-E6735396EFF2}.Release|Any CPU.ActiveCfg = Release|Any CPU
		{C8CF0320-0DE1-4E93-B77E-E6735396EFF2}.Release|Any CPU.Build.0 = Release|Any CPU
	EndGlobalSection
	GlobalSection(SolutionProperties) = preSolution
		HideSolutionNode = FALSE
	EndGlobalSection
	GlobalSection(NestedProjects) = preSolution
		{95BA5EC8-4C18-4A20-A2B4-2F4B81C69290} = {42E3836C-4321-47FC-B7CA-C290CCBBC249}
		{363632E5-CB61-4EE2-A178-9BC129EFBF20} = {AD12E1B9-303B-4755-ABDC-65FCC6E622E6}
		{6FD76BFE-C517-4FD3-9369-EBBDB3C03D1C} = {AD12E1B9-303B-4755-ABDC-65FCC6E622E6}
		{DC643555-07B7-4661-BA93-2A47D7295B8C} = {AD12E1B9-303B-4755-ABDC-65FCC6E622E6}
		{11E657AB-E038-4A54-9C87-0C9450F8642D} = {AD12E1B9-303B-4755-ABDC-65FCC6E622E6}
		{BE40D6F5-3589-45F8-9398-2F03F631B15A} = {6C4BE159-D1D7-49D0-8956-6D1E18ABCA6C}
		{A4926868-F516-4F9C-8BE2-AB30A9CEA8A2} = {5DC2E4A8-DE52-46D2-9004-4C1670534500}
		{69C597E8-A840-4894-9007-46EB63BEEE6D} = {5DC2E4A8-DE52-46D2-9004-4C1670534500}
		{766382E3-DEBF-4583-9302-9D581E0670E1} = {6F085E34-CD40-4317-A248-FDB7D624C914}
		{031404A7-FB7F-4378-98AC-EAC51F069E68} = {6F085E34-CD40-4317-A248-FDB7D624C914}
		{613F74B7-96FD-4D46-9899-682E7E56BE54} = {6F085E34-CD40-4317-A248-FDB7D624C914}
		{64AE21F9-3347-47B4-B3B0-66270DFB72A7} = {AB76F55C-6CEA-49EA-A17E-7E63044A6848}
		{DCF16FCF-0646-4AF8-9A76-1D2157E03ED5} = {AB76F55C-6CEA-49EA-A17E-7E63044A6848}
	EndGlobalSection
	GlobalSection(ExtensibilityGlobals) = postSolution
		SolutionGuid = {2D93D7E8-31A6-4FE2-A932-6BF178848614}
	EndGlobalSection
EndGlobal
